
Microsoft Visual Studio Solution File, Format Version 12.00
# Visual Studio Version 16
VisualStudioVersion = 16.0.30804.86
MinimumVisualStudioVersion = 10.0.40219.1
Project("{FAE04EC0-301F-11D3-BF4B-00C04F79EFBC}") = "Lab3-DecisionMaking", "Lab3-DecisionMaking\Lab3-DecisionMaking.csproj", "{E6206C13-5CEA-441F-9FFE-9186A36D68D9}"
EndProject
Global
	GlobalSection(SolutionConfigurationPlatforms) = preSolution
		Debug|Any CPU = Debug|Any CPU
		Release|Any CPU = Release|Any CPU
	EndGlobalSection
	GlobalSection(ProjectConfigurationPlatforms) = postSolution
		{E6206C13-5CEA-441F-9FFE-9186A36D68D9}.Debug|Any CPU.ActiveCfg = Debug|Any CPU
		{E6206C13-5CEA-441F-9FFE-9186A36D68D9}.Debug|Any CPU.Build.0 = Debug|Any CPU
		{E6206C13-5CEA-441F-9FFE-9186A36D68D9}.Release|Any CPU.ActiveCfg = Release|Any CPU
		{E6206C13-5CEA-441F-9FFE-9186A36D68D9}.Release|Any CPU.Build.0 = Release|Any CPU
	EndGlobalSection
	GlobalSection(SolutionProperties) = preSolution
		HideSolutionNode = FALSE
	EndGlobalSection
	GlobalSection(ExtensibilityGlobals) = postSolution
		SolutionGuid = {F8BB9368-B079-4EB8-B063-89485F852985}
	EndGlobalSection
EndGlobal
